// !$*UTF8*$!
{
	archiveVersion = 1;
	classes = {
	};
	objectVersion = 46;
	objects = {

/* Begin PBXBuildFile section */
		FC0C7B641867FB7100C87743 /* MapTableViewController.m in Sources */ = {isa = PBXBuildFile; fileRef = FC0C7B631867FB7100C87743 /* MapTableViewController.m */; };
		FC0C7B671867FB9300C87743 /* MapViewController.m in Sources */ = {isa = PBXBuildFile; fileRef = FC0C7B661867FB9300C87743 /* MapViewController.m */; };
		FC0C7B69186802D500C87743 /* CoreLocation.framework in Frameworks */ = {isa = PBXBuildFile; fileRef = FC0C7B68186802D500C87743 /* CoreLocation.framework */; };
		FC0C7BB31869749800C87743 /* MapTableViewCell.m in Sources */ = {isa = PBXBuildFile; fileRef = FC0C7BB21869749800C87743 /* MapTableViewCell.m */; };
		FC0C7BB6186B8DDF00C87743 /* mylocation@2x.png in Resources */ = {isa = PBXBuildFile; fileRef = FC0C7BB4186B8DDF00C87743 /* mylocation@2x.png */; };
		FC0C7BB7186B8DDF00C87743 /* mylocation.png in Resources */ = {isa = PBXBuildFile; fileRef = FC0C7BB5186B8DDF00C87743 /* mylocation.png */; };
		FC0C7BBA186B8E8000C87743 /* messages@2x.png in Resources */ = {isa = PBXBuildFile; fileRef = FC0C7BB8186B8E8000C87743 /* messages@2x.png */; };
		FC0C7BBB186B8E8000C87743 /* messages.png in Resources */ = {isa = PBXBuildFile; fileRef = FC0C7BB9186B8E8000C87743 /* messages.png */; };
		FC4C84ED186D742E00577DCE /* MapTableDetailsViewController.m in Sources */ = {isa = PBXBuildFile; fileRef = FC4C84EC186D742E00577DCE /* MapTableDetailsViewController.m */; };
		FC4C84F0186EE5E700577DCE /* NeighborTableViewController.m in Sources */ = {isa = PBXBuildFile; fileRef = FC4C84EF186EE5E700577DCE /* NeighborTableViewController.m */; };
		FC4C84F918700F8000577DCE /* SWRevealViewController.m in Sources */ = {isa = PBXBuildFile; fileRef = FC4C84F818700F8000577DCE /* SWRevealViewController.m */; };
		FC4C84FD1870104B00577DCE /* SidebarViewController.m in Sources */ = {isa = PBXBuildFile; fileRef = FC4C84FC1870104B00577DCE /* SidebarViewController.m */; };
		FC4C8501187010DD00577DCE /* MainViewController.m in Sources */ = {isa = PBXBuildFile; fileRef = FC4C8500187010DD00577DCE /* MainViewController.m */; };
		FC4C8504187015A400577DCE /* homeTop@2x.png in Resources */ = {isa = PBXBuildFile; fileRef = FC4C8502187015A400577DCE /* homeTop@2x.png */; };
		FC4C8505187015A400577DCE /* homeTop.png in Resources */ = {isa = PBXBuildFile; fileRef = FC4C8503187015A400577DCE /* homeTop.png */; };
		FC4C850C187027ED00577DCE /* homeNavBar.png in Resources */ = {isa = PBXBuildFile; fileRef = FC4C850A187027ED00577DCE /* homeNavBar.png */; };
		FC4C850D187027ED00577DCE /* homeNavBar@2x.png in Resources */ = {isa = PBXBuildFile; fileRef = FC4C850B187027ED00577DCE /* homeNavBar@2x.png */; };
		FC4C851418702AC200577DCE /* menu.png in Resources */ = {isa = PBXBuildFile; fileRef = FC4C851218702AC200577DCE /* menu.png */; };
		FC4C851518702AC200577DCE /* menu@2x.png in Resources */ = {isa = PBXBuildFile; fileRef = FC4C851318702AC200577DCE /* menu@2x.png */; };
		FC4C852818710DEE00577DCE /* messagesC@2x.png in Resources */ = {isa = PBXBuildFile; fileRef = FC4C851618710DEE00577DCE /* messagesC@2x.png */; };
		FC4C852918710DEE00577DCE /* messagesC.png in Resources */ = {isa = PBXBuildFile; fileRef = FC4C851718710DEE00577DCE /* messagesC.png */; };
		FC4C852A18710DEE00577DCE /* bookmarkC.png in Resources */ = {isa = PBXBuildFile; fileRef = FC4C851818710DEE00577DCE /* bookmarkC.png */; };
		FC4C852B18710DEE00577DCE /* bookmarkC@2x.png in Resources */ = {isa = PBXBuildFile; fileRef = FC4C851918710DEE00577DCE /* bookmarkC@2x.png */; };
		FC4C852C18710DEE00577DCE /* neighborsC.png in Resources */ = {isa = PBXBuildFile; fileRef = FC4C851A18710DEE00577DCE /* neighborsC.png */; };
		FC4C852D18710DEE00577DCE /* neighborsC@2x.png in Resources */ = {isa = PBXBuildFile; fileRef = FC4C851B18710DEE00577DCE /* neighborsC@2x.png */; };
		FC4C852E18710DEE00577DCE /* calendarC.png in Resources */ = {isa = PBXBuildFile; fileRef = FC4C851C18710DEE00577DCE /* calendarC.png */; };
		FC4C852F18710DEE00577DCE /* calendarC@2x.png in Resources */ = {isa = PBXBuildFile; fileRef = FC4C851D18710DEE00577DCE /* calendarC@2x.png */; };
		FC4C853018710DEE00577DCE /* compassC.png in Resources */ = {isa = PBXBuildFile; fileRef = FC4C851E18710DEE00577DCE /* compassC.png */; };
		FC4C853118710DEE00577DCE /* compassC@2x.png in Resources */ = {isa = PBXBuildFile; fileRef = FC4C851F18710DEE00577DCE /* compassC@2x.png */; };
		FC4C853218710DEE00577DCE /* hatC.png in Resources */ = {isa = PBXBuildFile; fileRef = FC4C852018710DEE00577DCE /* hatC.png */; };
		FC4C853318710DEE00577DCE /* hatC@2x.png in Resources */ = {isa = PBXBuildFile; fileRef = FC4C852118710DEE00577DCE /* hatC@2x.png */; };
		FC4C853418710DEE00577DCE /* homeC.png in Resources */ = {isa = PBXBuildFile; fileRef = FC4C852218710DEE00577DCE /* homeC.png */; };
		FC4C853518710DEE00577DCE /* homec@2x.png in Resources */ = {isa = PBXBuildFile; fileRef = FC4C852318710DEE00577DCE /* homec@2x.png */; };
		FC4C853618710DEE00577DCE /* nowC.png in Resources */ = {isa = PBXBuildFile; fileRef = FC4C852418710DEE00577DCE /* nowC.png */; };
		FC4C853718710DEE00577DCE /* nowC@2x.png in Resources */ = {isa = PBXBuildFile; fileRef = FC4C852518710DEE00577DCE /* nowC@2x.png */; };
		FC4C853818710DEE00577DCE /* settingsC.png in Resources */ = {isa = PBXBuildFile; fileRef = FC4C852618710DEE00577DCE /* settingsC.png */; };
		FC4C853918710DEE00577DCE /* settingsC@2x.png in Resources */ = {isa = PBXBuildFile; fileRef = FC4C852718710DEE00577DCE /* settingsC@2x.png */; };
		FC4C853F187112AE00577DCE /* NowTableViewController.m in Sources */ = {isa = PBXBuildFile; fileRef = FC4C853E187112AE00577DCE /* NowTableViewController.m */; };
		FC7EFDAE18621FFF0095FF09 /* Foundation.framework in Frameworks */ = {isa = PBXBuildFile; fileRef = FC7EFDAD18621FFF0095FF09 /* Foundation.framework */; };
		FC7EFDB018621FFF0095FF09 /* CoreGraphics.framework in Frameworks */ = {isa = PBXBuildFile; fileRef = FC7EFDAF18621FFF0095FF09 /* CoreGraphics.framework */; };
		FC7EFDB218621FFF0095FF09 /* UIKit.framework in Frameworks */ = {isa = PBXBuildFile; fileRef = FC7EFDB118621FFF0095FF09 /* UIKit.framework */; };
		FC7EFDB818621FFF0095FF09 /* InfoPlist.strings in Resources */ = {isa = PBXBuildFile; fileRef = FC7EFDB618621FFF0095FF09 /* InfoPlist.strings */; };
		FC7EFDBA18621FFF0095FF09 /* main.m in Sources */ = {isa = PBXBuildFile; fileRef = FC7EFDB918621FFF0095FF09 /* main.m */; };
		FC7EFDBE18621FFF0095FF09 /* AppDelegate.m in Sources */ = {isa = PBXBuildFile; fileRef = FC7EFDBD18621FFF0095FF09 /* AppDelegate.m */; };
		FC7EFDC118621FFF0095FF09 /* Main.storyboard in Resources */ = {isa = PBXBuildFile; fileRef = FC7EFDBF18621FFF0095FF09 /* Main.storyboard */; };
		FC7EFDC418621FFF0095FF09 /* ViewController.m in Sources */ = {isa = PBXBuildFile; fileRef = FC7EFDC318621FFF0095FF09 /* ViewController.m */; };
		FC7EFDC618621FFF0095FF09 /* Images.xcassets in Resources */ = {isa = PBXBuildFile; fileRef = FC7EFDC518621FFF0095FF09 /* Images.xcassets */; };
		FC7EFDCD18621FFF0095FF09 /* XCTest.framework in Frameworks */ = {isa = PBXBuildFile; fileRef = FC7EFDCC18621FFF0095FF09 /* XCTest.framework */; };
		FC7EFDCE186220000095FF09 /* Foundation.framework in Frameworks */ = {isa = PBXBuildFile; fileRef = FC7EFDAD18621FFF0095FF09 /* Foundation.framework */; };
		FC7EFDCF186220000095FF09 /* UIKit.framework in Frameworks */ = {isa = PBXBuildFile; fileRef = FC7EFDB118621FFF0095FF09 /* UIKit.framework */; };
		FC7EFDD7186220000095FF09 /* InfoPlist.strings in Resources */ = {isa = PBXBuildFile; fileRef = FC7EFDD5186220000095FF09 /* InfoPlist.strings */; };
		FC7EFDD9186220000095FF09 /* DesignTests.m in Sources */ = {isa = PBXBuildFile; fileRef = FC7EFDD8186220000095FF09 /* DesignTests.m */; };
		FC7EFDE4186222A80095FF09 /* PageContentViewController.m in Sources */ = {isa = PBXBuildFile; fileRef = FC7EFDE3186222A80095FF09 /* PageContentViewController.m */; };
		FC7EFDEF186224C90095FF09 /* bread.jpg in Resources */ = {isa = PBXBuildFile; fileRef = FC7EFDE5186224C90095FF09 /* bread.jpg */; };
		FC7EFDF0186224C90095FF09 /* carrotjuice.jpg in Resources */ = {isa = PBXBuildFile; fileRef = FC7EFDE6186224C90095FF09 /* carrotjuice.jpg */; };
		FC7EFDF1186224C90095FF09 /* cheeseplate.jpg in Resources */ = {isa = PBXBuildFile; fileRef = FC7EFDE7186224C90095FF09 /* cheeseplate.jpg */; };
		FC7EFDF2186224C90095FF09 /* coffee.jpg in Resources */ = {isa = PBXBuildFile; fileRef = FC7EFDE8186224C90095FF09 /* coffee.jpg */; };
		FC7EFDF3186224C90095FF09 /* mocha.jpg in Resources */ = {isa = PBXBuildFile; fileRef = FC7EFDE9186224C90095FF09 /* mocha.jpg */; };
		FC7EFDF4186224C90095FF09 /* pomegranate.jpg in Resources */ = {isa = PBXBuildFile; fileRef = FC7EFDEA186224C90095FF09 /* pomegranate.jpg */; };
		FC7EFDF5186224C90095FF09 /* potatoes.jpg in Resources */ = {isa = PBXBuildFile; fileRef = FC7EFDEB186224C90095FF09 /* potatoes.jpg */; };
		FC7EFDF6186224C90095FF09 /* salad.jpg in Resources */ = {isa = PBXBuildFile; fileRef = FC7EFDEC186224C90095FF09 /* salad.jpg */; };
		FC7EFDF7186224C90095FF09 /* salad2.jpg in Resources */ = {isa = PBXBuildFile; fileRef = FC7EFDED186224C90095FF09 /* salad2.jpg */; };
		FC7EFDF8186224C90095FF09 /* salad3.jpg in Resources */ = {isa = PBXBuildFile; fileRef = FC7EFDEE186224C90095FF09 /* salad3.jpg */; };
		FC7EFDFB186287420095FF09 /* LoginViewController.m in Sources */ = {isa = PBXBuildFile; fileRef = FC7EFDFA186287420095FF09 /* LoginViewController.m */; };
		FC7EFDFE1862875D0095FF09 /* SignupViewController.m in Sources */ = {isa = PBXBuildFile; fileRef = FC7EFDFD1862875D0095FF09 /* SignupViewController.m */; };
		FC7EFE1E1863871A0095FF09 /* TabViewController.m in Sources */ = {isa = PBXBuildFile; fileRef = FC7EFE1D1863871A0095FF09 /* TabViewController.m */; };
		FC7EFE2118639A080095FF09 /* MyTabBarController.m in Sources */ = {isa = PBXBuildFile; fileRef = FC7EFE2018639A080095FF09 /* MyTabBarController.m */; };
		FC7EFE2418639AD80095FF09 /* MyNavigationController.m in Sources */ = {isa = PBXBuildFile; fileRef = FC7EFE2318639AD80095FF09 /* MyNavigationController.m */; };
		FC98A87418650F8E00B4825C /* world@2x.png in Resources */ = {isa = PBXBuildFile; fileRef = FC98A86018650F8D00B4825C /* world@2x.png */; };
		FC98A87518650F8E00B4825C /* world.png in Resources */ = {isa = PBXBuildFile; fileRef = FC98A86118650F8D00B4825C /* world.png */; };
		FC98A87618650F8E00B4825C /* settings@2x.png in Resources */ = {isa = PBXBuildFile; fileRef = FC98A86218650F8D00B4825C /* settings@2x.png */; };
		FC98A87718650F8E00B4825C /* settings.png in Resources */ = {isa = PBXBuildFile; fileRef = FC98A86318650F8D00B4825C /* settings.png */; };
		FC98A87818650F8E00B4825C /* placemark@2x.png in Resources */ = {isa = PBXBuildFile; fileRef = FC98A86418650F8D00B4825C /* placemark@2x.png */; };
		FC98A87918650F8E00B4825C /* placemark.png in Resources */ = {isa = PBXBuildFile; fileRef = FC98A86518650F8D00B4825C /* placemark.png */; };
		FC98A87A18650F8E00B4825C /* people@2x.png in Resources */ = {isa = PBXBuildFile; fileRef = FC98A86618650F8D00B4825C /* people@2x.png */; };
		FC98A87B18650F8E00B4825C /* people.png in Resources */ = {isa = PBXBuildFile; fileRef = FC98A86718650F8D00B4825C /* people.png */; };
		FC98A87C18650F8E00B4825C /* info@2x.png in Resources */ = {isa = PBXBuildFile; fileRef = FC98A86818650F8D00B4825C /* info@2x.png */; };
		FC98A87D18650F8E00B4825C /* info.png in Resources */ = {isa = PBXBuildFile; fileRef = FC98A86918650F8D00B4825C /* info.png */; };
		FC98A87E18650F8E00B4825C /* home@2x.png in Resources */ = {isa = PBXBuildFile; fileRef = FC98A86A18650F8D00B4825C /* home@2x.png */; };
		FC98A87F18650F8E00B4825C /* home.png in Resources */ = {isa = PBXBuildFile; fileRef = FC98A86B18650F8D00B4825C /* home.png */; };
		FC98A88018650F8E00B4825C /* holler@2x.png in Resources */ = {isa = PBXBuildFile; fileRef = FC98A86C18650F8E00B4825C /* holler@2x.png */; };
		FC98A88118650F8E00B4825C /* holler.png in Resources */ = {isa = PBXBuildFile; fileRef = FC98A86D18650F8E00B4825C /* holler.png */; };
		FC98A88618650F8E00B4825C /* dollar@2x.png in Resources */ = {isa = PBXBuildFile; fileRef = FC98A87218650F8E00B4825C /* dollar@2x.png */; };
		FC98A88718650F8E00B4825C /* dollar.png in Resources */ = {isa = PBXBuildFile; fileRef = FC98A87318650F8E00B4825C /* dollar.png */; };
		FC98A88A1865127800B4825C /* calendar.png in Resources */ = {isa = PBXBuildFile; fileRef = FC98A8881865127800B4825C /* calendar.png */; };
		FC98A88B1865127800B4825C /* calendar@2x.png in Resources */ = {isa = PBXBuildFile; fileRef = FC98A8891865127800B4825C /* calendar@2x.png */; };
		FC98A88E1865128400B4825C /* heart.png in Resources */ = {isa = PBXBuildFile; fileRef = FC98A88C1865128400B4825C /* heart.png */; };
		FC98A88F1865128400B4825C /* heart@2x.png in Resources */ = {isa = PBXBuildFile; fileRef = FC98A88D1865128400B4825C /* heart@2x.png */; };
		FC98A91918665E2000B4825C /* Lobster.otf in Resources */ = {isa = PBXBuildFile; fileRef = FC98A91818665E0200B4825C /* Lobster.otf */; };
		FC98A91A18665E2900B4825C /* League_Gothic.otf in Resources */ = {isa = PBXBuildFile; fileRef = FC98A91718665DB800B4825C /* League_Gothic.otf */; };
		FCB3EA3C1871537000769A12 /* PartyDetailsViewController.m in Sources */ = {isa = PBXBuildFile; fileRef = FCB3EA3B1871537000769A12 /* PartyDetailsViewController.m */; };
		FCB6DA6E1867B90D00240715 /* MapKit.framework in Frameworks */ = {isa = PBXBuildFile; fileRef = FCB6DA6D1867B90D00240715 /* MapKit.framework */; };
/* End PBXBuildFile section */

/* Begin PBXContainerItemProxy section */
		FC7EFDD0186220000095FF09 /* PBXContainerItemProxy */ = {
			isa = PBXContainerItemProxy;
			containerPortal = FC7EFDA218621FFF0095FF09 /* Project object */;
			proxyType = 1;
			remoteGlobalIDString = FC7EFDA918621FFF0095FF09;
			remoteInfo = Design;
		};
/* End PBXContainerItemProxy section */

/* Begin PBXFileReference section */
		FC0C7B621867FB7100C87743 /* MapTableViewController.h */ = {isa = PBXFileReference; fileEncoding = 4; lastKnownFileType = sourcecode.c.h; path = MapTableViewController.h; sourceTree = "<group>"; };
		FC0C7B631867FB7100C87743 /* MapTableViewController.m */ = {isa = PBXFileReference; fileEncoding = 4; lastKnownFileType = sourcecode.c.objc; path = MapTableViewController.m; sourceTree = "<group>"; };
		FC0C7B651867FB9300C87743 /* MapViewController.h */ = {isa = PBXFileReference; fileEncoding = 4; lastKnownFileType = sourcecode.c.h; path = MapViewController.h; sourceTree = "<group>"; };
		FC0C7B661867FB9300C87743 /* MapViewController.m */ = {isa = PBXFileReference; fileEncoding = 4; lastKnownFileType = sourcecode.c.objc; path = MapViewController.m; sourceTree = "<group>"; };
		FC0C7B68186802D500C87743 /* CoreLocation.framework */ = {isa = PBXFileReference; lastKnownFileType = wrapper.framework; name = CoreLocation.framework; path = System/Library/Frameworks/CoreLocation.framework; sourceTree = SDKROOT; };
		FC0C7BB11869749800C87743 /* MapTableViewCell.h */ = {isa = PBXFileReference; fileEncoding = 4; lastKnownFileType = sourcecode.c.h; path = MapTableViewCell.h; sourceTree = "<group>"; };
		FC0C7BB21869749800C87743 /* MapTableViewCell.m */ = {isa = PBXFileReference; fileEncoding = 4; lastKnownFileType = sourcecode.c.objc; path = MapTableViewCell.m; sourceTree = "<group>"; };
		FC0C7BB4186B8DDF00C87743 /* mylocation@2x.png */ = {isa = PBXFileReference; lastKnownFileType = image.png; path = "mylocation@2x.png"; sourceTree = "<group>"; };
		FC0C7BB5186B8DDF00C87743 /* mylocation.png */ = {isa = PBXFileReference; lastKnownFileType = image.png; path = mylocation.png; sourceTree = "<group>"; };
		FC0C7BB8186B8E8000C87743 /* messages@2x.png */ = {isa = PBXFileReference; lastKnownFileType = image.png; path = "messages@2x.png"; sourceTree = "<group>"; };
		FC0C7BB9186B8E8000C87743 /* messages.png */ = {isa = PBXFileReference; lastKnownFileType = image.png; path = messages.png; sourceTree = "<group>"; };
		FC4C84EB186D742E00577DCE /* MapTableDetailsViewController.h */ = {isa = PBXFileReference; fileEncoding = 4; lastKnownFileType = sourcecode.c.h; path = MapTableDetailsViewController.h; sourceTree = "<group>"; };
		FC4C84EC186D742E00577DCE /* MapTableDetailsViewController.m */ = {isa = PBXFileReference; fileEncoding = 4; lastKnownFileType = sourcecode.c.objc; path = MapTableDetailsViewController.m; sourceTree = "<group>"; };
		FC4C84EE186EE5E600577DCE /* NeighborTableViewController.h */ = {isa = PBXFileReference; fileEncoding = 4; lastKnownFileType = sourcecode.c.h; path = NeighborTableViewController.h; sourceTree = "<group>"; };
		FC4C84EF186EE5E700577DCE /* NeighborTableViewController.m */ = {isa = PBXFileReference; fileEncoding = 4; lastKnownFileType = sourcecode.c.objc; path = NeighborTableViewController.m; sourceTree = "<group>"; };
		FC4C84F718700F8000577DCE /* SWRevealViewController.h */ = {isa = PBXFileReference; fileEncoding = 4; lastKnownFileType = sourcecode.c.h; path = SWRevealViewController.h; sourceTree = "<group>"; };
		FC4C84F818700F8000577DCE /* SWRevealViewController.m */ = {isa = PBXFileReference; fileEncoding = 4; lastKnownFileType = sourcecode.c.objc; path = SWRevealViewController.m; sourceTree = "<group>"; };
		FC4C84FB1870104B00577DCE /* SidebarViewController.h */ = {isa = PBXFileReference; fileEncoding = 4; lastKnownFileType = sourcecode.c.h; path = SidebarViewController.h; sourceTree = "<group>"; };
		FC4C84FC1870104B00577DCE /* SidebarViewController.m */ = {isa = PBXFileReference; fileEncoding = 4; lastKnownFileType = sourcecode.c.objc; path = SidebarViewController.m; sourceTree = "<group>"; };
		FC4C84FF187010DD00577DCE /* MainViewController.h */ = {isa = PBXFileReference; fileEncoding = 4; lastKnownFileType = sourcecode.c.h; path = MainViewController.h; sourceTree = "<group>"; };
		FC4C8500187010DD00577DCE /* MainViewController.m */ = {isa = PBXFileReference; fileEncoding = 4; lastKnownFileType = sourcecode.c.objc; path = MainViewController.m; sourceTree = "<group>"; };
		FC4C8502187015A400577DCE /* homeTop@2x.png */ = {isa = PBXFileReference; lastKnownFileType = image.png; path = "homeTop@2x.png"; sourceTree = "<group>"; };
		FC4C8503187015A400577DCE /* homeTop.png */ = {isa = PBXFileReference; lastKnownFileType = image.png; path = homeTop.png; sourceTree = "<group>"; };
		FC4C850A187027ED00577DCE /* homeNavBar.png */ = {isa = PBXFileReference; lastKnownFileType = image.png; path = homeNavBar.png; sourceTree = "<group>"; };
		FC4C850B187027ED00577DCE /* homeNavBar@2x.png */ = {isa = PBXFileReference; lastKnownFileType = image.png; path = "homeNavBar@2x.png"; sourceTree = "<group>"; };
		FC4C851218702AC200577DCE /* menu.png */ = {isa = PBXFileReference; lastKnownFileType = image.png; path = menu.png; sourceTree = "<group>"; };
		FC4C851318702AC200577DCE /* menu@2x.png */ = {isa = PBXFileReference; lastKnownFileType = image.png; path = "menu@2x.png"; sourceTree = "<group>"; };
		FC4C851618710DEE00577DCE /* messagesC@2x.png */ = {isa = PBXFileReference; lastKnownFileType = image.png; path = "messagesC@2x.png"; sourceTree = "<group>"; };
		FC4C851718710DEE00577DCE /* messagesC.png */ = {isa = PBXFileReference; lastKnownFileType = image.png; path = messagesC.png; sourceTree = "<group>"; };
		FC4C851818710DEE00577DCE /* bookmarkC.png */ = {isa = PBXFileReference; lastKnownFileType = image.png; path = bookmarkC.png; sourceTree = "<group>"; };
		FC4C851918710DEE00577DCE /* bookmarkC@2x.png */ = {isa = PBXFileReference; lastKnownFileType = image.png; path = "bookmarkC@2x.png"; sourceTree = "<group>"; };
		FC4C851A18710DEE00577DCE /* neighborsC.png */ = {isa = PBXFileReference; lastKnownFileType = image.png; path = neighborsC.png; sourceTree = "<group>"; };
		FC4C851B18710DEE00577DCE /* neighborsC@2x.png */ = {isa = PBXFileReference; lastKnownFileType = image.png; path = "neighborsC@2x.png"; sourceTree = "<group>"; };
		FC4C851C18710DEE00577DCE /* calendarC.png */ = {isa = PBXFileReference; lastKnownFileType = image.png; path = calendarC.png; sourceTree = "<group>"; };
		FC4C851D18710DEE00577DCE /* calendarC@2x.png */ = {isa = PBXFileReference; lastKnownFileType = image.png; path = "calendarC@2x.png"; sourceTree = "<group>"; };
		FC4C851E18710DEE00577DCE /* compassC.png */ = {isa = PBXFileReference; lastKnownFileType = image.png; path = compassC.png; sourceTree = "<group>"; };
		FC4C851F18710DEE00577DCE /* compassC@2x.png */ = {isa = PBXFileReference; lastKnownFileType = image.png; path = "compassC@2x.png"; sourceTree = "<group>"; };
		FC4C852018710DEE00577DCE /* hatC.png */ = {isa = PBXFileReference; lastKnownFileType = image.png; path = hatC.png; sourceTree = "<group>"; };
		FC4C852118710DEE00577DCE /* hatC@2x.png */ = {isa = PBXFileReference; lastKnownFileType = image.png; path = "hatC@2x.png"; sourceTree = "<group>"; };
		FC4C852218710DEE00577DCE /* homeC.png */ = {isa = PBXFileReference; lastKnownFileType = image.png; path = homeC.png; sourceTree = "<group>"; };
		FC4C852318710DEE00577DCE /* homec@2x.png */ = {isa = PBXFileReference; lastKnownFileType = image.png; path = "homec@2x.png"; sourceTree = "<group>"; };
		FC4C852418710DEE00577DCE /* nowC.png */ = {isa = PBXFileReference; lastKnownFileType = image.png; path = nowC.png; sourceTree = "<group>"; };
		FC4C852518710DEE00577DCE /* nowC@2x.png */ = {isa = PBXFileReference; lastKnownFileType = image.png; path = "nowC@2x.png"; sourceTree = "<group>"; };
		FC4C852618710DEE00577DCE /* settingsC.png */ = {isa = PBXFileReference; lastKnownFileType = image.png; path = settingsC.png; sourceTree = "<group>"; };
		FC4C852718710DEE00577DCE /* settingsC@2x.png */ = {isa = PBXFileReference; lastKnownFileType = image.png; path = "settingsC@2x.png"; sourceTree = "<group>"; };
		FC4C853D187112AE00577DCE /* NowTableViewController.h */ = {isa = PBXFileReference; fileEncoding = 4; lastKnownFileType = sourcecode.c.h; path = NowTableViewController.h; sourceTree = "<group>"; };
		FC4C853E187112AE00577DCE /* NowTableViewController.m */ = {isa = PBXFileReference; fileEncoding = 4; lastKnownFileType = sourcecode.c.objc; path = NowTableViewController.m; sourceTree = "<group>"; };
		FC7EFDAA18621FFF0095FF09 /* Design.app */ = {isa = PBXFileReference; explicitFileType = wrapper.application; includeInIndex = 0; path = Design.app; sourceTree = BUILT_PRODUCTS_DIR; };
		FC7EFDAD18621FFF0095FF09 /* Foundation.framework */ = {isa = PBXFileReference; lastKnownFileType = wrapper.framework; name = Foundation.framework; path = System/Library/Frameworks/Foundation.framework; sourceTree = SDKROOT; };
		FC7EFDAF18621FFF0095FF09 /* CoreGraphics.framework */ = {isa = PBXFileReference; lastKnownFileType = wrapper.framework; name = CoreGraphics.framework; path = System/Library/Frameworks/CoreGraphics.framework; sourceTree = SDKROOT; };
		FC7EFDB118621FFF0095FF09 /* UIKit.framework */ = {isa = PBXFileReference; lastKnownFileType = wrapper.framework; name = UIKit.framework; path = System/Library/Frameworks/UIKit.framework; sourceTree = SDKROOT; };
		FC7EFDB518621FFF0095FF09 /* Design-Info.plist */ = {isa = PBXFileReference; lastKnownFileType = text.plist.xml; path = "Design-Info.plist"; sourceTree = "<group>"; };
		FC7EFDB718621FFF0095FF09 /* en */ = {isa = PBXFileReference; lastKnownFileType = text.plist.strings; name = en; path = en.lproj/InfoPlist.strings; sourceTree = "<group>"; };
		FC7EFDB918621FFF0095FF09 /* main.m */ = {isa = PBXFileReference; lastKnownFileType = sourcecode.c.objc; path = main.m; sourceTree = "<group>"; };
		FC7EFDBB18621FFF0095FF09 /* Design-Prefix.pch */ = {isa = PBXFileReference; lastKnownFileType = sourcecode.c.h; path = "Design-Prefix.pch"; sourceTree = "<group>"; };
		FC7EFDBC18621FFF0095FF09 /* AppDelegate.h */ = {isa = PBXFileReference; lastKnownFileType = sourcecode.c.h; path = AppDelegate.h; sourceTree = "<group>"; };
		FC7EFDBD18621FFF0095FF09 /* AppDelegate.m */ = {isa = PBXFileReference; lastKnownFileType = sourcecode.c.objc; path = AppDelegate.m; sourceTree = "<group>"; };
		FC7EFDC018621FFF0095FF09 /* Base */ = {isa = PBXFileReference; lastKnownFileType = file.storyboard; name = Base; path = Base.lproj/Main.storyboard; sourceTree = "<group>"; };
		FC7EFDC218621FFF0095FF09 /* ViewController.h */ = {isa = PBXFileReference; lastKnownFileType = sourcecode.c.h; path = ViewController.h; sourceTree = "<group>"; };
		FC7EFDC318621FFF0095FF09 /* ViewController.m */ = {isa = PBXFileReference; lastKnownFileType = sourcecode.c.objc; path = ViewController.m; sourceTree = "<group>"; };
		FC7EFDC518621FFF0095FF09 /* Images.xcassets */ = {isa = PBXFileReference; lastKnownFileType = folder.assetcatalog; path = Images.xcassets; sourceTree = "<group>"; };
		FC7EFDCB18621FFF0095FF09 /* DesignTests.xctest */ = {isa = PBXFileReference; explicitFileType = wrapper.cfbundle; includeInIndex = 0; path = DesignTests.xctest; sourceTree = BUILT_PRODUCTS_DIR; };
		FC7EFDCC18621FFF0095FF09 /* XCTest.framework */ = {isa = PBXFileReference; lastKnownFileType = wrapper.framework; name = XCTest.framework; path = Library/Frameworks/XCTest.framework; sourceTree = DEVELOPER_DIR; };
		FC7EFDD4186220000095FF09 /* DesignTests-Info.plist */ = {isa = PBXFileReference; lastKnownFileType = text.plist.xml; path = "DesignTests-Info.plist"; sourceTree = "<group>"; };
		FC7EFDD6186220000095FF09 /* en */ = {isa = PBXFileReference; lastKnownFileType = text.plist.strings; name = en; path = en.lproj/InfoPlist.strings; sourceTree = "<group>"; };
		FC7EFDD8186220000095FF09 /* DesignTests.m */ = {isa = PBXFileReference; lastKnownFileType = sourcecode.c.objc; path = DesignTests.m; sourceTree = "<group>"; };
		FC7EFDE2186222A80095FF09 /* PageContentViewController.h */ = {isa = PBXFileReference; fileEncoding = 4; lastKnownFileType = sourcecode.c.h; path = PageContentViewController.h; sourceTree = "<group>"; };
		FC7EFDE3186222A80095FF09 /* PageContentViewController.m */ = {isa = PBXFileReference; fileEncoding = 4; lastKnownFileType = sourcecode.c.objc; path = PageContentViewController.m; sourceTree = "<group>"; };
		FC7EFDE5186224C90095FF09 /* bread.jpg */ = {isa = PBXFileReference; lastKnownFileType = image.jpeg; path = bread.jpg; sourceTree = "<group>"; };
		FC7EFDE6186224C90095FF09 /* carrotjuice.jpg */ = {isa = PBXFileReference; lastKnownFileType = image.jpeg; path = carrotjuice.jpg; sourceTree = "<group>"; };
		FC7EFDE7186224C90095FF09 /* cheeseplate.jpg */ = {isa = PBXFileReference; lastKnownFileType = image.jpeg; path = cheeseplate.jpg; sourceTree = "<group>"; };
		FC7EFDE8186224C90095FF09 /* coffee.jpg */ = {isa = PBXFileReference; lastKnownFileType = image.jpeg; path = coffee.jpg; sourceTree = "<group>"; };
		FC7EFDE9186224C90095FF09 /* mocha.jpg */ = {isa = PBXFileReference; lastKnownFileType = image.jpeg; path = mocha.jpg; sourceTree = "<group>"; };
		FC7EFDEA186224C90095FF09 /* pomegranate.jpg */ = {isa = PBXFileReference; lastKnownFileType = image.jpeg; path = pomegranate.jpg; sourceTree = "<group>"; };
		FC7EFDEB186224C90095FF09 /* potatoes.jpg */ = {isa = PBXFileReference; lastKnownFileType = image.jpeg; path = potatoes.jpg; sourceTree = "<group>"; };
		FC7EFDEC186224C90095FF09 /* salad.jpg */ = {isa = PBXFileReference; lastKnownFileType = image.jpeg; path = salad.jpg; sourceTree = "<group>"; };
		FC7EFDED186224C90095FF09 /* salad2.jpg */ = {isa = PBXFileReference; lastKnownFileType = image.jpeg; path = salad2.jpg; sourceTree = "<group>"; };
		FC7EFDEE186224C90095FF09 /* salad3.jpg */ = {isa = PBXFileReference; lastKnownFileType = image.jpeg; path = salad3.jpg; sourceTree = "<group>"; };
		FC7EFDF9186287420095FF09 /* LoginViewController.h */ = {isa = PBXFileReference; fileEncoding = 4; lastKnownFileType = sourcecode.c.h; path = LoginViewController.h; sourceTree = "<group>"; };
		FC7EFDFA186287420095FF09 /* LoginViewController.m */ = {isa = PBXFileReference; fileEncoding = 4; lastKnownFileType = sourcecode.c.objc; path = LoginViewController.m; sourceTree = "<group>"; };
		FC7EFDFC1862875D0095FF09 /* SignupViewController.h */ = {isa = PBXFileReference; fileEncoding = 4; lastKnownFileType = sourcecode.c.h; path = SignupViewController.h; sourceTree = "<group>"; };
		FC7EFDFD1862875D0095FF09 /* SignupViewController.m */ = {isa = PBXFileReference; fileEncoding = 4; lastKnownFileType = sourcecode.c.objc; path = SignupViewController.m; sourceTree = "<group>"; };
		FC7EFE1C1863871A0095FF09 /* TabViewController.h */ = {isa = PBXFileReference; fileEncoding = 4; lastKnownFileType = sourcecode.c.h; path = TabViewController.h; sourceTree = "<group>"; };
		FC7EFE1D1863871A0095FF09 /* TabViewController.m */ = {isa = PBXFileReference; fileEncoding = 4; lastKnownFileType = sourcecode.c.objc; path = TabViewController.m; sourceTree = "<group>"; };
		FC7EFE1F18639A080095FF09 /* MyTabBarController.h */ = {isa = PBXFileReference; fileEncoding = 4; lastKnownFileType = sourcecode.c.h; path = MyTabBarController.h; sourceTree = "<group>"; };
		FC7EFE2018639A080095FF09 /* MyTabBarController.m */ = {isa = PBXFileReference; fileEncoding = 4; lastKnownFileType = sourcecode.c.objc; path = MyTabBarController.m; sourceTree = "<group>"; };
		FC7EFE2218639AD80095FF09 /* MyNavigationController.h */ = {isa = PBXFileReference; fileEncoding = 4; lastKnownFileType = sourcecode.c.h; path = MyNavigationController.h; sourceTree = "<group>"; };
		FC7EFE2318639AD80095FF09 /* MyNavigationController.m */ = {isa = PBXFileReference; fileEncoding = 4; lastKnownFileType = sourcecode.c.objc; path = MyNavigationController.m; sourceTree = "<group>"; };
		FC98A86018650F8D00B4825C /* world@2x.png */ = {isa = PBXFileReference; lastKnownFileType = image.png; path = "world@2x.png"; sourceTree = "<group>"; };
		FC98A86118650F8D00B4825C /* world.png */ = {isa = PBXFileReference; lastKnownFileType = image.png; path = world.png; sourceTree = "<group>"; };
		FC98A86218650F8D00B4825C /* settings@2x.png */ = {isa = PBXFileReference; lastKnownFileType = image.png; path = "settings@2x.png"; sourceTree = "<group>"; };
		FC98A86318650F8D00B4825C /* settings.png */ = {isa = PBXFileReference; lastKnownFileType = image.png; path = settings.png; sourceTree = "<group>"; };
		FC98A86418650F8D00B4825C /* placemark@2x.png */ = {isa = PBXFileReference; lastKnownFileType = image.png; path = "placemark@2x.png"; sourceTree = "<group>"; };
		FC98A86518650F8D00B4825C /* placemark.png */ = {isa = PBXFileReference; lastKnownFileType = image.png; path = placemark.png; sourceTree = "<group>"; };
		FC98A86618650F8D00B4825C /* people@2x.png */ = {isa = PBXFileReference; lastKnownFileType = image.png; path = "people@2x.png"; sourceTree = "<group>"; };
		FC98A86718650F8D00B4825C /* people.png */ = {isa = PBXFileReference; lastKnownFileType = image.png; path = people.png; sourceTree = "<group>"; };
		FC98A86818650F8D00B4825C /* info@2x.png */ = {isa = PBXFileReference; lastKnownFileType = image.png; path = "info@2x.png"; sourceTree = "<group>"; };
		FC98A86918650F8D00B4825C /* info.png */ = {isa = PBXFileReference; lastKnownFileType = image.png; path = info.png; sourceTree = "<group>"; };
		FC98A86A18650F8D00B4825C /* home@2x.png */ = {isa = PBXFileReference; lastKnownFileType = image.png; path = "home@2x.png"; sourceTree = "<group>"; };
		FC98A86B18650F8D00B4825C /* home.png */ = {isa = PBXFileReference; lastKnownFileType = image.png; path = home.png; sourceTree = "<group>"; };
		FC98A86C18650F8E00B4825C /* holler@2x.png */ = {isa = PBXFileReference; lastKnownFileType = image.png; path = "holler@2x.png"; sourceTree = "<group>"; };
		FC98A86D18650F8E00B4825C /* holler.png */ = {isa = PBXFileReference; lastKnownFileType = image.png; path = holler.png; sourceTree = "<group>"; };
		FC98A87218650F8E00B4825C /* dollar@2x.png */ = {isa = PBXFileReference; lastKnownFileType = image.png; path = "dollar@2x.png"; sourceTree = "<group>"; };
		FC98A87318650F8E00B4825C /* dollar.png */ = {isa = PBXFileReference; lastKnownFileType = image.png; path = dollar.png; sourceTree = "<group>"; };
		FC98A8881865127800B4825C /* calendar.png */ = {isa = PBXFileReference; lastKnownFileType = image.png; path = calendar.png; sourceTree = "<group>"; };
		FC98A8891865127800B4825C /* calendar@2x.png */ = {isa = PBXFileReference; lastKnownFileType = image.png; path = "calendar@2x.png"; sourceTree = "<group>"; };
		FC98A88C1865128400B4825C /* heart.png */ = {isa = PBXFileReference; lastKnownFileType = image.png; path = heart.png; sourceTree = "<group>"; };
		FC98A88D1865128400B4825C /* heart@2x.png */ = {isa = PBXFileReference; lastKnownFileType = image.png; path = "heart@2x.png"; sourceTree = "<group>"; };
		FC98A91718665DB800B4825C /* League_Gothic.otf */ = {isa = PBXFileReference; lastKnownFileType = file; path = League_Gothic.otf; sourceTree = "<group>"; };
		FC98A91818665E0200B4825C /* Lobster.otf */ = {isa = PBXFileReference; lastKnownFileType = file; path = Lobster.otf; sourceTree = "<group>"; };
		FCB3EA3A1871537000769A12 /* PartyDetailsViewController.h */ = {isa = PBXFileReference; fileEncoding = 4; lastKnownFileType = sourcecode.c.h; path = PartyDetailsViewController.h; sourceTree = "<group>"; };
		FCB3EA3B1871537000769A12 /* PartyDetailsViewController.m */ = {isa = PBXFileReference; fileEncoding = 4; lastKnownFileType = sourcecode.c.objc; path = PartyDetailsViewController.m; sourceTree = "<group>"; };
		FCB6DA6D1867B90D00240715 /* MapKit.framework */ = {isa = PBXFileReference; lastKnownFileType = wrapper.framework; name = MapKit.framework; path = System/Library/Frameworks/MapKit.framework; sourceTree = SDKROOT; };
/* End PBXFileReference section */

/* Begin PBXFrameworksBuildPhase section */
		FC7EFDA718621FFF0095FF09 /* Frameworks */ = {
			isa = PBXFrameworksBuildPhase;
			buildActionMask = 2147483647;
			files = (
				FC0C7B69186802D500C87743 /* CoreLocation.framework in Frameworks */,
				FCB6DA6E1867B90D00240715 /* MapKit.framework in Frameworks */,
				FC7EFDB018621FFF0095FF09 /* CoreGraphics.framework in Frameworks */,
				FC7EFDB218621FFF0095FF09 /* UIKit.framework in Frameworks */,
				FC7EFDAE18621FFF0095FF09 /* Foundation.framework in Frameworks */,
			);
			runOnlyForDeploymentPostprocessing = 0;
		};
		FC7EFDC818621FFF0095FF09 /* Frameworks */ = {
			isa = PBXFrameworksBuildPhase;
			buildActionMask = 2147483647;
			files = (
				FC7EFDCD18621FFF0095FF09 /* XCTest.framework in Frameworks */,
				FC7EFDCF186220000095FF09 /* UIKit.framework in Frameworks */,
				FC7EFDCE186220000095FF09 /* Foundation.framework in Frameworks */,
			);
			runOnlyForDeploymentPostprocessing = 0;
		};
/* End PBXFrameworksBuildPhase section */

/* Begin PBXGroup section */
		FC4C84F618700F6000577DCE /* Library */ = {
			isa = PBXGroup;
			children = (
				FC4C84F718700F8000577DCE /* SWRevealViewController.h */,
				FC4C84F818700F8000577DCE /* SWRevealViewController.m */,
			);
			name = Library;
			sourceTree = "<group>";
		};
		FC4C84FA1870101800577DCE /* Intro */ = {
			isa = PBXGroup;
			children = (
				FC7EFDC218621FFF0095FF09 /* ViewController.h */,
				FC7EFDC318621FFF0095FF09 /* ViewController.m */,
				FC7EFDFC1862875D0095FF09 /* SignupViewController.h */,
				FC7EFDFD1862875D0095FF09 /* SignupViewController.m */,
				FC7EFDF9186287420095FF09 /* LoginViewController.h */,
				FC7EFDFA186287420095FF09 /* LoginViewController.m */,
				FC7EFDE2186222A80095FF09 /* PageContentViewController.h */,
				FC7EFDE3186222A80095FF09 /* PageContentViewController.m */,
			);
			name = Intro;
			sourceTree = "<group>";
		};
		FC4C84FE1870105E00577DCE /* Sidebar */ = {
			isa = PBXGroup;
			children = (
				FCB3EA3A1871537000769A12 /* PartyDetailsViewController.h */,
				FCB3EA3B1871537000769A12 /* PartyDetailsViewController.m */,
				FC4C853D187112AE00577DCE /* NowTableViewController.h */,
				FC4C853E187112AE00577DCE /* NowTableViewController.m */,
				FC4C84EE186EE5E600577DCE /* NeighborTableViewController.h */,
				FC4C84EF186EE5E700577DCE /* NeighborTableViewController.m */,
				FC0C7B651867FB9300C87743 /* MapViewController.h */,
				FC0C7B661867FB9300C87743 /* MapViewController.m */,
				FC0C7B621867FB7100C87743 /* MapTableViewController.h */,
				FC0C7B631867FB7100C87743 /* MapTableViewController.m */,
				FC4C84FB1870104B00577DCE /* SidebarViewController.h */,
				FC4C84FC1870104B00577DCE /* SidebarViewController.m */,
			);
			name = Sidebar;
			sourceTree = "<group>";
		};
		FC7EFDA118621FFF0095FF09 = {
			isa = PBXGroup;
			children = (
				FC7EFDB318621FFF0095FF09 /* Design */,
				FC7EFDD2186220000095FF09 /* DesignTests */,
				FC7EFDAC18621FFF0095FF09 /* Frameworks */,
				FC7EFDAB18621FFF0095FF09 /* Products */,
			);
			sourceTree = "<group>";
		};
		FC7EFDAB18621FFF0095FF09 /* Products */ = {
			isa = PBXGroup;
			children = (
				FC7EFDAA18621FFF0095FF09 /* Design.app */,
				FC7EFDCB18621FFF0095FF09 /* DesignTests.xctest */,
			);
			name = Products;
			sourceTree = "<group>";
		};
		FC7EFDAC18621FFF0095FF09 /* Frameworks */ = {
			isa = PBXGroup;
			children = (
				FC0C7B68186802D500C87743 /* CoreLocation.framework */,
				FCB6DA6D1867B90D00240715 /* MapKit.framework */,
				FC7EFDAD18621FFF0095FF09 /* Foundation.framework */,
				FC7EFDAF18621FFF0095FF09 /* CoreGraphics.framework */,
				FC7EFDB118621FFF0095FF09 /* UIKit.framework */,
				FC7EFDCC18621FFF0095FF09 /* XCTest.framework */,
			);
			name = Frameworks;
			sourceTree = "<group>";
		};
		FC7EFDB318621FFF0095FF09 /* Design */ = {
			isa = PBXGroup;
			children = (
				FC7EFDBC18621FFF0095FF09 /* AppDelegate.h */,
				FC7EFDBD18621FFF0095FF09 /* AppDelegate.m */,
				FC7EFDBF18621FFF0095FF09 /* Main.storyboard */,
				FC0C7BB11869749800C87743 /* MapTableViewCell.h */,
				FC0C7BB21869749800C87743 /* MapTableViewCell.m */,
				FC7EFE2218639AD80095FF09 /* MyNavigationController.h */,
				FC7EFE2318639AD80095FF09 /* MyNavigationController.m */,
				FC7EFE1C1863871A0095FF09 /* TabViewController.h */,
				FC7EFE1D1863871A0095FF09 /* TabViewController.m */,
				FC7EFE1F18639A080095FF09 /* MyTabBarController.h */,
				FC7EFE2018639A080095FF09 /* MyTabBarController.m */,
				FC4C84EB186D742E00577DCE /* MapTableDetailsViewController.h */,
				FC4C84EC186D742E00577DCE /* MapTableDetailsViewController.m */,
				FC4C84FF187010DD00577DCE /* MainViewController.h */,
				FC4C8500187010DD00577DCE /* MainViewController.m */,
				FC4C84FE1870105E00577DCE /* Sidebar */,
				FC4C84FA1870101800577DCE /* Intro */,
				FC4C84F618700F6000577DCE /* Library */,
				FC7EFDC518621FFF0095FF09 /* Images.xcassets */,
				FC7EFDB418621FFF0095FF09 /* Supporting Files */,
			);
			path = Design;
			sourceTree = "<group>";
		};
		FC7EFDB418621FFF0095FF09 /* Supporting Files */ = {
			isa = PBXGroup;
			children = (
				FC98A91618665D6E00B4825C /* fonts */,
				FC7EFE2518650C8B0095FF09 /* icons */,
				FC98A91518665D5700B4825C /* background */,
				FC7EFDB518621FFF0095FF09 /* Design-Info.plist */,
				FC7EFDB618621FFF0095FF09 /* InfoPlist.strings */,
				FC7EFDB918621FFF0095FF09 /* main.m */,
				FC7EFDBB18621FFF0095FF09 /* Design-Prefix.pch */,
			);
			name = "Supporting Files";
			sourceTree = "<group>";
		};
		FC7EFDD2186220000095FF09 /* DesignTests */ = {
			isa = PBXGroup;
			children = (
				FC7EFDD8186220000095FF09 /* DesignTests.m */,
				FC7EFDD3186220000095FF09 /* Supporting Files */,
			);
			path = DesignTests;
			sourceTree = "<group>";
		};
		FC7EFDD3186220000095FF09 /* Supporting Files */ = {
			isa = PBXGroup;
			children = (
				FC7EFDD4186220000095FF09 /* DesignTests-Info.plist */,
				FC7EFDD5186220000095FF09 /* InfoPlist.strings */,
			);
			name = "Supporting Files";
			sourceTree = "<group>";
		};
		FC7EFE2518650C8B0095FF09 /* icons */ = {
			isa = PBXGroup;
			children = (
				FC4C851618710DEE00577DCE /* messagesC@2x.png */,
				FC4C851718710DEE00577DCE /* messagesC.png */,
				FC4C851818710DEE00577DCE /* bookmarkC.png */,
				FC4C851918710DEE00577DCE /* bookmarkC@2x.png */,
				FC4C851A18710DEE00577DCE /* neighborsC.png */,
				FC4C851B18710DEE00577DCE /* neighborsC@2x.png */,
				FC4C851C18710DEE00577DCE /* calendarC.png */,
				FC4C851D18710DEE00577DCE /* calendarC@2x.png */,
				FC4C851E18710DEE00577DCE /* compassC.png */,
				FC4C851F18710DEE00577DCE /* compassC@2x.png */,
				FC4C852018710DEE00577DCE /* hatC.png */,
				FC4C852118710DEE00577DCE /* hatC@2x.png */,
				FC4C852218710DEE00577DCE /* homeC.png */,
				FC4C852318710DEE00577DCE /* homec@2x.png */,
				FC4C852418710DEE00577DCE /* nowC.png */,
				FC4C852518710DEE00577DCE /* nowC@2x.png */,
				FC4C852618710DEE00577DCE /* settingsC.png */,
				FC4C852718710DEE00577DCE /* settingsC@2x.png */,
				FC4C8502187015A400577DCE /* homeTop@2x.png */,
				FC4C8503187015A400577DCE /* homeTop.png */,
				FC98A86018650F8D00B4825C /* world@2x.png */,
				FC98A86118650F8D00B4825C /* world.png */,
				FC0C7BB4186B8DDF00C87743 /* mylocation@2x.png */,
				FC0C7BB5186B8DDF00C87743 /* mylocation.png */,
				FC4C850A187027ED00577DCE /* homeNavBar.png */,
				FC4C850B187027ED00577DCE /* homeNavBar@2x.png */,
				FC98A86218650F8D00B4825C /* settings@2x.png */,
				FC98A86318650F8D00B4825C /* settings.png */,
				FC98A86418650F8D00B4825C /* placemark@2x.png */,
				FC98A86518650F8D00B4825C /* placemark.png */,
				FC0C7BB8186B8E8000C87743 /* messages@2x.png */,
				FC0C7BB9186B8E8000C87743 /* messages.png */,
				FC4C851218702AC200577DCE /* menu.png */,
				FC4C851318702AC200577DCE /* menu@2x.png */,
				FC98A86618650F8D00B4825C /* people@2x.png */,
				FC98A88C1865128400B4825C /* heart.png */,
				FC98A88D1865128400B4825C /* heart@2x.png */,
				FC98A86718650F8D00B4825C /* people.png */,
				FC98A8881865127800B4825C /* calendar.png */,
				FC98A8891865127800B4825C /* calendar@2x.png */,
				FC98A86818650F8D00B4825C /* info@2x.png */,
				FC98A86918650F8D00B4825C /* info.png */,
				FC98A86A18650F8D00B4825C /* home@2x.png */,
				FC98A86B18650F8D00B4825C /* home.png */,
				FC98A86C18650F8E00B4825C /* holler@2x.png */,
				FC98A86D18650F8E00B4825C /* holler.png */,
				FC98A87218650F8E00B4825C /* dollar@2x.png */,
				FC98A87318650F8E00B4825C /* dollar.png */,
			);
			name = icons;
			sourceTree = "<group>";
		};
		FC98A91518665D5700B4825C /* background */ = {
			isa = PBXGroup;
			children = (
				FC7EFDE5186224C90095FF09 /* bread.jpg */,
				FC7EFDE6186224C90095FF09 /* carrotjuice.jpg */,
				FC7EFDE7186224C90095FF09 /* cheeseplate.jpg */,
				FC7EFDE8186224C90095FF09 /* coffee.jpg */,
				FC7EFDED186224C90095FF09 /* salad2.jpg */,
				FC7EFDEE186224C90095FF09 /* salad3.jpg */,
				FC7EFDE9186224C90095FF09 /* mocha.jpg */,
				FC7EFDEA186224C90095FF09 /* pomegranate.jpg */,
				FC7EFDEB186224C90095FF09 /* potatoes.jpg */,
				FC7EFDEC186224C90095FF09 /* salad.jpg */,
			);
			name = background;
			sourceTree = "<group>";
		};
		FC98A91618665D6E00B4825C /* fonts */ = {
			isa = PBXGroup;
			children = (
				FC98A91818665E0200B4825C /* Lobster.otf */,
				FC98A91718665DB800B4825C /* League_Gothic.otf */,
			);
			name = fonts;
			sourceTree = "<group>";
		};
/* End PBXGroup section */

/* Begin PBXNativeTarget section */
		FC7EFDA918621FFF0095FF09 /* Design */ = {
			isa = PBXNativeTarget;
			buildConfigurationList = FC7EFDDC186220000095FF09 /* Build configuration list for PBXNativeTarget "Design" */;
			buildPhases = (
				FC7EFDA618621FFF0095FF09 /* Sources */,
				FC7EFDA718621FFF0095FF09 /* Frameworks */,
				FC7EFDA818621FFF0095FF09 /* Resources */,
			);
			buildRules = (
			);
			dependencies = (
			);
			name = Design;
			productName = Design;
			productReference = FC7EFDAA18621FFF0095FF09 /* Design.app */;
			productType = "com.apple.product-type.application";
		};
		FC7EFDCA18621FFF0095FF09 /* DesignTests */ = {
			isa = PBXNativeTarget;
			buildConfigurationList = FC7EFDDF186220000095FF09 /* Build configuration list for PBXNativeTarget "DesignTests" */;
			buildPhases = (
				FC7EFDC718621FFF0095FF09 /* Sources */,
				FC7EFDC818621FFF0095FF09 /* Frameworks */,
				FC7EFDC918621FFF0095FF09 /* Resources */,
			);
			buildRules = (
			);
			dependencies = (
				FC7EFDD1186220000095FF09 /* PBXTargetDependency */,
			);
			name = DesignTests;
			productName = DesignTests;
			productReference = FC7EFDCB18621FFF0095FF09 /* DesignTests.xctest */;
			productType = "com.apple.product-type.bundle.unit-test";
		};
/* End PBXNativeTarget section */

/* Begin PBXProject section */
		FC7EFDA218621FFF0095FF09 /* Project object */ = {
			isa = PBXProject;
			attributes = {
				LastUpgradeCheck = 0500;
				ORGANIZATIONNAME = "Lienne Nguyen";
				TargetAttributes = {
					FC7EFDCA18621FFF0095FF09 = {
						TestTargetID = FC7EFDA918621FFF0095FF09;
					};
				};
			};
			buildConfigurationList = FC7EFDA518621FFF0095FF09 /* Build configuration list for PBXProject "Design" */;
			compatibilityVersion = "Xcode 3.2";
			developmentRegion = English;
			hasScannedForEncodings = 0;
			knownRegions = (
				en,
				Base,
			);
			mainGroup = FC7EFDA118621FFF0095FF09;
			productRefGroup = FC7EFDAB18621FFF0095FF09 /* Products */;
			projectDirPath = "";
			projectRoot = "";
			targets = (
				FC7EFDA918621FFF0095FF09 /* Design */,
				FC7EFDCA18621FFF0095FF09 /* DesignTests */,
			);
		};
/* End PBXProject section */

/* Begin PBXResourcesBuildPhase section */
		FC7EFDA818621FFF0095FF09 /* Resources */ = {
			isa = PBXResourcesBuildPhase;
			buildActionMask = 2147483647;
			files = (
				FC98A87B18650F8E00B4825C /* people.png in Resources */,
				FC98A88B1865127800B4825C /* calendar@2x.png in Resources */,
				FC7EFDF8186224C90095FF09 /* salad3.jpg in Resources */,
				FC4C852B18710DEE00577DCE /* bookmarkC@2x.png in Resources */,
				FC0C7BB7186B8DDF00C87743 /* mylocation.png in Resources */,
				FC98A87C18650F8E00B4825C /* info@2x.png in Resources */,
				FC4C853318710DEE00577DCE /* hatC@2x.png in Resources */,
				FC4C852F18710DEE00577DCE /* calendarC@2x.png in Resources */,
				FC4C853818710DEE00577DCE /* settingsC.png in Resources */,
				FC98A87818650F8E00B4825C /* placemark@2x.png in Resources */,
				FC4C852918710DEE00577DCE /* messagesC.png in Resources */,
				FC98A87518650F8E00B4825C /* world.png in Resources */,
				FC7EFDF5186224C90095FF09 /* potatoes.jpg in Resources */,
				FC4C851418702AC200577DCE /* menu.png in Resources */,
				FC4C853518710DEE00577DCE /* homec@2x.png in Resources */,
				FC98A87718650F8E00B4825C /* settings.png in Resources */,
				FC4C852818710DEE00577DCE /* messagesC@2x.png in Resources */,
				FC4C852E18710DEE00577DCE /* calendarC.png in Resources */,
				FC98A88A1865127800B4825C /* calendar.png in Resources */,
				FC4C850D187027ED00577DCE /* homeNavBar@2x.png in Resources */,
				FC0C7BB6186B8DDF00C87743 /* mylocation@2x.png in Resources */,
				FC7EFDF3186224C90095FF09 /* mocha.jpg in Resources */,
				FC4C853918710DEE00577DCE /* settingsC@2x.png in Resources */,
				FC4C853418710DEE00577DCE /* homeC.png in Resources */,
				FC4C852C18710DEE00577DCE /* neighborsC.png in Resources */,
				FC98A88718650F8E00B4825C /* dollar.png in Resources */,
				FC4C8505187015A400577DCE /* homeTop.png in Resources */,
				FC98A88618650F8E00B4825C /* dollar@2x.png in Resources */,
				FC4C853618710DEE00577DCE /* nowC.png in Resources */,
				FC7EFDF2186224C90095FF09 /* coffee.jpg in Resources */,
				FC98A87918650F8E00B4825C /* placemark.png in Resources */,
				FC7EFDF6186224C90095FF09 /* salad.jpg in Resources */,
				FC98A91A18665E2900B4825C /* League_Gothic.otf in Resources */,
				FC4C853218710DEE00577DCE /* hatC.png in Resources */,
				FC7EFDC618621FFF0095FF09 /* Images.xcassets in Resources */,
				FC4C851518702AC200577DCE /* menu@2x.png in Resources */,
				FC4C852A18710DEE00577DCE /* bookmarkC.png in Resources */,
				FC0C7BBB186B8E8000C87743 /* messages.png in Resources */,
				FC98A88E1865128400B4825C /* heart.png in Resources */,
				FC7EFDF0186224C90095FF09 /* carrotjuice.jpg in Resources */,
				FC4C853718710DEE00577DCE /* nowC@2x.png in Resources */,
				FC7EFDB818621FFF0095FF09 /* InfoPlist.strings in Resources */,
				FC4C853018710DEE00577DCE /* compassC.png in Resources */,
				FC4C8504187015A400577DCE /* homeTop@2x.png in Resources */,
				FC7EFDF1186224C90095FF09 /* cheeseplate.jpg in Resources */,
				FC4C850C187027ED00577DCE /* homeNavBar.png in Resources */,
				FC7EFDF7186224C90095FF09 /* salad2.jpg in Resources */,
				FC98A87F18650F8E00B4825C /* home.png in Resources */,
				FC4C853118710DEE00577DCE /* compassC@2x.png in Resources */,
				FC7EFDEF186224C90095FF09 /* bread.jpg in Resources */,
				FC98A87E18650F8E00B4825C /* home@2x.png in Resources */,
				FC98A88F1865128400B4825C /* heart@2x.png in Resources */,
				FC0C7BBA186B8E8000C87743 /* messages@2x.png in Resources */,
				FC98A87A18650F8E00B4825C /* people@2x.png in Resources */,
				FC98A91918665E2000B4825C /* Lobster.otf in Resources */,
				FC7EFDC118621FFF0095FF09 /* Main.storyboard in Resources */,
				FC98A88118650F8E00B4825C /* holler.png in Resources */,
				FC98A87618650F8E00B4825C /* settings@2x.png in Resources */,
				FC98A87D18650F8E00B4825C /* info.png in Resources */,
				FC4C852D18710DEE00577DCE /* neighborsC@2x.png in Resources */,
				FC7EFDF4186224C90095FF09 /* pomegranate.jpg in Resources */,
				FC98A88018650F8E00B4825C /* holler@2x.png in Resources */,
				FC98A87418650F8E00B4825C /* world@2x.png in Resources */,
			);
			runOnlyForDeploymentPostprocessing = 0;
		};
		FC7EFDC918621FFF0095FF09 /* Resources */ = {
			isa = PBXResourcesBuildPhase;
			buildActionMask = 2147483647;
			files = (
				FC7EFDD7186220000095FF09 /* InfoPlist.strings in Resources */,
			);
			runOnlyForDeploymentPostprocessing = 0;
		};
/* End PBXResourcesBuildPhase section */

/* Begin PBXSourcesBuildPhase section */
		FC7EFDA618621FFF0095FF09 /* Sources */ = {
			isa = PBXSourcesBuildPhase;
			buildActionMask = 2147483647;
			files = (
				FC0C7B641867FB7100C87743 /* MapTableViewController.m in Sources */,
				FC7EFDFE1862875D0095FF09 /* SignupViewController.m in Sources */,
				FC4C84F918700F8000577DCE /* SWRevealViewController.m in Sources */,
				FC7EFDC418621FFF0095FF09 /* ViewController.m in Sources */,
				FC4C84F0186EE5E700577DCE /* NeighborTableViewController.m in Sources */,
				FC7EFDE4186222A80095FF09 /* PageContentViewController.m in Sources */,
				FC7EFE2418639AD80095FF09 /* MyNavigationController.m in Sources */,
				FC4C8501187010DD00577DCE /* MainViewController.m in Sources */,
				FC4C853F187112AE00577DCE /* NowTableViewController.m in Sources */,
				FC7EFDBE18621FFF0095FF09 /* AppDelegate.m in Sources */,
				FC4C84ED186D742E00577DCE /* MapTableDetailsViewController.m in Sources */,
				FC0C7BB31869749800C87743 /* MapTableViewCell.m in Sources */,
				FC7EFDBA18621FFF0095FF09 /* main.m in Sources */,
				FC4C84FD1870104B00577DCE /* SidebarViewController.m in Sources */,
				FCB3EA3C1871537000769A12 /* PartyDetailsViewController.m in Sources */,
				FC7EFE2118639A080095FF09 /* MyTabBarController.m in Sources */,
				FC7EFE1E1863871A0095FF09 /* TabViewController.m in Sources */,
				FC7EFDFB186287420095FF09 /* LoginViewController.m in Sources */,
				FC0C7B671867FB9300C87743 /* MapViewController.m in Sources */,
			);
			runOnlyForDeploymentPostprocessing = 0;
		};
		FC7EFDC718621FFF0095FF09 /* Sources */ = {
			isa = PBXSourcesBuildPhase;
			buildActionMask = 2147483647;
			files = (
				FC7EFDD9186220000095FF09 /* DesignTests.m in Sources */,
			);
			runOnlyForDeploymentPostprocessing = 0;
		};
/* End PBXSourcesBuildPhase section */

/* Begin PBXTargetDependency section */
		FC7EFDD1186220000095FF09 /* PBXTargetDependency */ = {
			isa = PBXTargetDependency;
			target = FC7EFDA918621FFF0095FF09 /* Design */;
			targetProxy = FC7EFDD0186220000095FF09 /* PBXContainerItemProxy */;
		};
/* End PBXTargetDependency section */

/* Begin PBXVariantGroup section */
		FC7EFDB618621FFF0095FF09 /* InfoPlist.strings */ = {
			isa = PBXVariantGroup;
			children = (
				FC7EFDB718621FFF0095FF09 /* en */,
			);
			name = InfoPlist.strings;
			sourceTree = "<group>";
		};
		FC7EFDBF18621FFF0095FF09 /* Main.storyboard */ = {
			isa = PBXVariantGroup;
			children = (
				FC7EFDC018621FFF0095FF09 /* Base */,
			);
			name = Main.storyboard;
			sourceTree = "<group>";
		};
		FC7EFDD5186220000095FF09 /* InfoPlist.strings */ = {
			isa = PBXVariantGroup;
			children = (
				FC7EFDD6186220000095FF09 /* en */,
			);
			name = InfoPlist.strings;
			sourceTree = "<group>";
		};
/* End PBXVariantGroup section */

/* Begin XCBuildConfiguration section */
		FC7EFDDA186220000095FF09 /* Debug */ = {
			isa = XCBuildConfiguration;
			buildSettings = {
				ALWAYS_SEARCH_USER_PATHS = NO;
				ARCHS = "$(ARCHS_STANDARD_INCLUDING_64_BIT)";
				CLANG_CXX_LANGUAGE_STANDARD = "gnu++0x";
				CLANG_CXX_LIBRARY = "libc++";
				CLANG_ENABLE_MODULES = YES;
				CLANG_ENABLE_OBJC_ARC = YES;
				CLANG_WARN_BOOL_CONVERSION = YES;
				CLANG_WARN_CONSTANT_CONVERSION = YES;
				CLANG_WARN_DIRECT_OBJC_ISA_USAGE = YES_ERROR;
				CLANG_WARN_EMPTY_BODY = YES;
				CLANG_WARN_ENUM_CONVERSION = YES;
				CLANG_WARN_INT_CONVERSION = YES;
				CLANG_WARN_OBJC_ROOT_CLASS = YES_ERROR;
				CLANG_WARN__DUPLICATE_METHOD_MATCH = YES;
				"CODE_SIGN_IDENTITY[sdk=iphoneos*]" = "iPhone Developer";
				COPY_PHASE_STRIP = NO;
				GCC_C_LANGUAGE_STANDARD = gnu99;
				GCC_DYNAMIC_NO_PIC = NO;
				GCC_OPTIMIZATION_LEVEL = 0;
				GCC_PREPROCESSOR_DEFINITIONS = (
					"DEBUG=1",
					"$(inherited)",
				);
				GCC_SYMBOLS_PRIVATE_EXTERN = NO;
				GCC_WARN_64_TO_32_BIT_CONVERSION = YES;
				GCC_WARN_ABOUT_RETURN_TYPE = YES_ERROR;
				GCC_WARN_UNDECLARED_SELECTOR = YES;
				GCC_WARN_UNINITIALIZED_AUTOS = YES;
				GCC_WARN_UNUSED_FUNCTION = YES;
				GCC_WARN_UNUSED_VARIABLE = YES;
				IPHONEOS_DEPLOYMENT_TARGET = 7.0;
				ONLY_ACTIVE_ARCH = YES;
				SDKROOT = iphoneos;
			};
			name = Debug;
		};
		FC7EFDDB186220000095FF09 /* Release */ = {
			isa = XCBuildConfiguration;
			buildSettings = {
				ALWAYS_SEARCH_USER_PATHS = NO;
				ARCHS = "$(ARCHS_STANDARD_INCLUDING_64_BIT)";
				CLANG_CXX_LANGUAGE_STANDARD = "gnu++0x";
				CLANG_CXX_LIBRARY = "libc++";
				CLANG_ENABLE_MODULES = YES;
				CLANG_ENABLE_OBJC_ARC = YES;
				CLANG_WARN_BOOL_CONVERSION = YES;
				CLANG_WARN_CONSTANT_CONVERSION = YES;
				CLANG_WARN_DIRECT_OBJC_ISA_USAGE = YES_ERROR;
				CLANG_WARN_EMPTY_BODY = YES;
				CLANG_WARN_ENUM_CONVERSION = YES;
				CLANG_WARN_INT_CONVERSION = YES;
				CLANG_WARN_OBJC_ROOT_CLASS = YES_ERROR;
				CLANG_WARN__DUPLICATE_METHOD_MATCH = YES;
				"CODE_SIGN_IDENTITY[sdk=iphoneos*]" = "iPhone Developer";
				COPY_PHASE_STRIP = YES;
				ENABLE_NS_ASSERTIONS = NO;
				GCC_C_LANGUAGE_STANDARD = gnu99;
				GCC_WARN_64_TO_32_BIT_CONVERSION = YES;
				GCC_WARN_ABOUT_RETURN_TYPE = YES_ERROR;
				GCC_WARN_UNDECLARED_SELECTOR = YES;
				GCC_WARN_UNINITIALIZED_AUTOS = YES;
				GCC_WARN_UNUSED_FUNCTION = YES;
				GCC_WARN_UNUSED_VARIABLE = YES;
				IPHONEOS_DEPLOYMENT_TARGET = 7.0;
				SDKROOT = iphoneos;
				VALIDATE_PRODUCT = YES;
			};
			name = Release;
		};
		FC7EFDDD186220000095FF09 /* Debug */ = {
			isa = XCBuildConfiguration;
			buildSettings = {
				ASSETCATALOG_COMPILER_APPICON_NAME = AppIcon;
				ASSETCATALOG_COMPILER_LAUNCHIMAGE_NAME = LaunchImage;
				GCC_PRECOMPILE_PREFIX_HEADER = YES;
				GCC_PREFIX_HEADER = "Design/Design-Prefix.pch";
				INFOPLIST_FILE = "Design/Design-Info.plist";
				PRODUCT_NAME = "$(TARGET_NAME)";
				WRAPPER_EXTENSION = app;
			};
			name = Debug;
		};
		FC7EFDDE186220000095FF09 /* Release */ = {
			isa = XCBuildConfiguration;
			buildSettings = {
				ASSETCATALOG_COMPILER_APPICON_NAME = AppIcon;
				ASSETCATALOG_COMPILER_LAUNCHIMAGE_NAME = LaunchImage;
				GCC_PRECOMPILE_PREFIX_HEADER = YES;
				GCC_PREFIX_HEADER = "Design/Design-Prefix.pch";
				INFOPLIST_FILE = "Design/Design-Info.plist";
				PRODUCT_NAME = "$(TARGET_NAME)";
				WRAPPER_EXTENSION = app;
			};
			name = Release;
		};
		FC7EFDE0186220000095FF09 /* Debug */ = {
			isa = XCBuildConfiguration;
			buildSettings = {
				ARCHS = "$(ARCHS_STANDARD_INCLUDING_64_BIT)";
				BUNDLE_LOADER = "$(BUILT_PRODUCTS_DIR)/Design.app/Design";
				FRAMEWORK_SEARCH_PATHS = (
					"$(SDKROOT)/Developer/Library/Frameworks",
					"$(inherited)",
					"$(DEVELOPER_FRAMEWORKS_DIR)",
				);
				GCC_PRECOMPILE_PREFIX_HEADER = YES;
				GCC_PREFIX_HEADER = "Design/Design-Prefix.pch";
				GCC_PREPROCESSOR_DEFINITIONS = (
					"DEBUG=1",
					"$(inherited)",
				);
				INFOPLIST_FILE = "DesignTests/DesignTests-Info.plist";
				PRODUCT_NAME = "$(TARGET_NAME)";
				TEST_HOST = "$(BUNDLE_LOADER)";
				WRAPPER_EXTENSION = xctest;
			};
			name = Debug;
		};
		FC7EFDE1186220000095FF09 /* Release */ = {
			isa = XCBuildConfiguration;
			buildSettings = {
				ARCHS = "$(ARCHS_STANDARD_INCLUDING_64_BIT)";
				BUNDLE_LOADER = "$(BUILT_PRODUCTS_DIR)/Design.app/Design";
				FRAMEWORK_SEARCH_PATHS = (
					"$(SDKROOT)/Developer/Library/Frameworks",
					"$(inherited)",
					"$(DEVELOPER_FRAMEWORKS_DIR)",
				);
				GCC_PRECOMPILE_PREFIX_HEADER = YES;
				GCC_PREFIX_HEADER = "Design/Design-Prefix.pch";
				INFOPLIST_FILE = "DesignTests/DesignTests-Info.plist";
				PRODUCT_NAME = "$(TARGET_NAME)";
				TEST_HOST = "$(BUNDLE_LOADER)";
				WRAPPER_EXTENSION = xctest;
			};
			name = Release;
		};
/* End XCBuildConfiguration section */

/* Begin XCConfigurationList section */
		FC7EFDA518621FFF0095FF09 /* Build configuration list for PBXProject "Design" */ = {
			isa = XCConfigurationList;
			buildConfigurations = (
				FC7EFDDA186220000095FF09 /* Debug */,
				FC7EFDDB186220000095FF09 /* Release */,
			);
			defaultConfigurationIsVisible = 0;
			defaultConfigurationName = Release;
		};
		FC7EFDDC186220000095FF09 /* Build configuration list for PBXNativeTarget "Design" */ = {
			isa = XCConfigurationList;
			buildConfigurations = (
				FC7EFDDD186220000095FF09 /* Debug */,
				FC7EFDDE186220000095FF09 /* Release */,
			);
			defaultConfigurationIsVisible = 0;
			defaultConfigurationName = Release;
		};
		FC7EFDDF186220000095FF09 /* Build configuration list for PBXNativeTarget "DesignTests" */ = {
			isa = XCConfigurationList;
			buildConfigurations = (
				FC7EFDE0186220000095FF09 /* Debug */,
				FC7EFDE1186220000095FF09 /* Release */,
			);
			defaultConfigurationIsVisible = 0;
			defaultConfigurationName = Release;
		};
/* End XCConfigurationList section */
	};
	rootObject = FC7EFDA218621FFF0095FF09 /* Project object */;
}
